{
  "version": 4,
  "terraform_version": "1.8.5",
  "serial": 28,
  "lineage": "2893a426-e1a8-56e7-b267-3a67485d688d",
  "outputs": {
    "nginx_dev_dns": {
      "value": "ec2-54-87-220-105.compute-1.amazonaws.com",
      "type": "string"
    },
    "nginx_dev_ip": {
      "value": "54.87.220.105",
      "type": "string"
    },
    "nginx_qa_dns": {
      "value": "ec2-54-205-74-98.compute-1.amazonaws.com",
      "type": "string"
    },
    "nginx_qa_ip": {
      "value": "54.205.74.98",
      "type": "string"
    }
  },
  "resources": [
    {
      "module": "module.nginx_server_dev",
      "mode": "managed",
      "type": "aws_instance",
      "name": "nginx-server",
      "provider": "module.nginx_server_dev.provider[\"registry.terraform.io/hashicorp/aws\"]",
      "instances": [
        {
          "schema_version": 1,
          "attributes": {
            "ami": "ami-00beae93a2d981137",
            "arn": "arn:aws:ec2:us-east-1:590183952961:instance/i-00792b6c790914398",
            "associate_public_ip_address": true,
            "availability_zone": "us-east-1d",
            "capacity_reservation_specification": [
              {
                "capacity_reservation_preference": "open",
                "capacity_reservation_target": []
              }
            ],
            "cpu_core_count": 1,
            "cpu_options": [
              {
                "amd_sev_snp": "",
                "core_count": 1,
                "threads_per_core": 1
              }
            ],
            "cpu_threads_per_core": 1,
            "credit_specification": [
              {
                "cpu_credits": "standard"
              }
            ],
            "disable_api_stop": false,
            "disable_api_termination": false,
            "ebs_block_device": [],
            "ebs_optimized": false,
            "enclave_options": [
              {
                "enabled": false
              }
            ],
            "ephemeral_block_device": [],
            "get_password_data": false,
            "hibernation": false,
            "host_id": "",
            "host_resource_group_arn": null,
            "iam_instance_profile": "",
            "id": "i-00792b6c790914398",
            "instance_initiated_shutdown_behavior": "stop",
            "instance_lifecycle": "",
            "instance_market_options": [],
            "instance_state": "running",
            "instance_type": "t2.micro",
            "ipv6_address_count": 0,
            "ipv6_addresses": [],
            "key_name": "nginx-server-dev-ssh",
            "launch_template": [],
            "maintenance_options": [
              {
                "auto_recovery": "default"
              }
            ],
            "metadata_options": [
              {
                "http_endpoint": "enabled",
                "http_protocol_ipv6": "disabled",
                "http_put_response_hop_limit": 2,
                "http_tokens": "required",
                "instance_metadata_tags": "disabled"
              }
            ],
            "monitoring": false,
            "network_interface": [],
            "outpost_arn": "",
            "password_data": "",
            "placement_group": "",
            "placement_partition_number": 0,
            "primary_network_interface_id": "eni-0aa28caf8ce333b4c",
            "private_dns": "ip-172-31-18-183.ec2.internal",
            "private_dns_name_options": [
              {
                "enable_resource_name_dns_a_record": false,
                "enable_resource_name_dns_aaaa_record": false,
                "hostname_type": "ip-name"
              }
            ],
            "private_ip": "172.31.18.183",
            "public_dns": "ec2-54-87-220-105.compute-1.amazonaws.com",
            "public_ip": "54.87.220.105",
            "root_block_device": [
              {
                "delete_on_termination": true,
                "device_name": "/dev/xvda",
                "encrypted": false,
                "iops": 3000,
                "kms_key_id": "",
                "tags": {},
                "tags_all": {},
                "throughput": 125,
                "volume_id": "vol-0a458c36538f14c53",
                "volume_size": 8,
                "volume_type": "gp3"
              }
            ],
            "secondary_private_ips": [],
            "security_groups": [
              "nginx-server-dev-sg"
            ],
            "source_dest_check": true,
            "spot_instance_request_id": "",
            "subnet_id": "subnet-00ea6a3f48d2aeb83",
            "tags": {
              "Environment": "dev",
              "Name": "nginx-server-dev",
              "Owner": "myemployeess@mysoftwareRD.com",
              "Project": "Webinar-Caosbinario-Terraform",
              "Team": "Devops"
            },
            "tags_all": {
              "Environment": "dev",
              "Name": "nginx-server-dev",
              "Owner": "myemployeess@mysoftwareRD.com",
              "Project": "Webinar-Caosbinario-Terraform",
              "Team": "Devops"
            },
            "tenancy": "default",
            "timeouts": null,
            "user_data": "8e76099f5163b91277e0a8f96353b03b56a0b4dc",
            "user_data_base64": null,
            "user_data_replace_on_change": false,
            "volume_tags": null,
            "vpc_security_group_ids": [
              "sg-03f47f6138623050e"
            ]
          },
          "sensitive_attributes": [],
          "private": "eyJlMmJmYjczMC1lY2FhLTExZTYtOGY4OC0zNDM2M2JjN2M0YzAiOnsiY3JlYXRlIjo2MDAwMDAwMDAwMDAsImRlbGV0ZSI6MTIwMDAwMDAwMDAwMCwicmVhZCI6OTAwMDAwMDAwMDAwLCJ1cGRhdGUiOjYwMDAwMDAwMDAwMH0sInNjaGVtYV92ZXJzaW9uIjoiMSJ9",
          "dependencies": [
            "module.nginx_server_dev.aws_key_pair.nginx-server-ssh",
            "module.nginx_server_dev.aws_security_group.nginx-server-sg"
          ]
        }
      ]
    },
    {
      "module": "module.nginx_server_dev",
      "mode": "managed",
      "type": "aws_key_pair",
      "name": "nginx-server-ssh",
      "provider": "module.nginx_server_dev.provider[\"registry.terraform.io/hashicorp/aws\"]",
      "instances": [
        {
          "schema_version": 1,
          "attributes": {
            "arn": "arn:aws:ec2:us-east-1:590183952961:key-pair/nginx-server-dev-ssh",
            "fingerprint": "b4:70:cb:40:d7:de:e0:62:54:fb:dd:e2:70:49:28:2d",
            "id": "nginx-server-dev-ssh",
            "key_name": "nginx-server-dev-ssh",
            "key_name_prefix": "",
            "key_pair_id": "key-03eee45d43570749e",
            "key_type": "rsa",
            "public_key": "ssh-rsa AAAAB3NzaC1yc2EAAAADAQABAAABAQDBp9GDbaSi5GYUkcwZMlbZ6t+LxNsSe7+oA2KbhsfF8YzFB66K3c0xNeR7gn6x4iHJvMXOc6+7+4gsGmfXfSb2pHrjeKRwR032s4F8BEo+iu69lvALnr6Kf5r76aysHJ8rTPDnQd2cJ6lcETTy4x/hWK1jUoMPAellv3nxJr+154Q/tQ0sogNGBKLT5pQefkqPJ+PeO/SsFXDWWPtv73+GCkbYqrObAGZ4XPj8vfdljQtxdX/9doMtX+e8yIoepk6CQXX/UnbPvxZ8feb61joDfEhjx3WAT26F2XUadAY7Kr/mxxpuXE4pEwt3rqwmLMGbZ43RFW1/vm4W8tJp6Qf7 francis@DESKTOP-2O19S4K",
            "tags": {
              "Environment": "dev",
              "Name": "nginx-server-dev-ssh",
              "Owner": "myemployeess@mysoftwareRD.com",
              "Project": "Webinar-Caosbinario-Terraform",
              "Team": "Devops"
            },
            "tags_all": {
              "Environment": "dev",
              "Name": "nginx-server-dev-ssh",
              "Owner": "myemployeess@mysoftwareRD.com",
              "Project": "Webinar-Caosbinario-Terraform",
              "Team": "Devops"
            }
          },
          "sensitive_attributes": [],
          "private": "eyJzY2hlbWFfdmVyc2lvbiI6IjEifQ=="
        }
      ]
    },
    {
      "module": "module.nginx_server_dev",
      "mode": "managed",
      "type": "aws_security_group",
      "name": "nginx-server-sg",
      "provider": "module.nginx_server_dev.provider[\"registry.terraform.io/hashicorp/aws\"]",
      "instances": [
        {
          "schema_version": 1,
          "attributes": {
            "arn": "arn:aws:ec2:us-east-1:590183952961:security-group/sg-03f47f6138623050e",
            "description": "Security group allowing SSH and HTTP access",
            "egress": [
              {
                "cidr_blocks": [
                  "0.0.0.0/0"
                ],
                "description": "",
                "from_port": 0,
                "ipv6_cidr_blocks": [],
                "prefix_list_ids": [],
                "protocol": "-1",
                "security_groups": [],
                "self": false,
                "to_port": 0
              }
            ],
            "id": "sg-03f47f6138623050e",
            "ingress": [
              {
                "cidr_blocks": [
                  "0.0.0.0/0"
                ],
                "description": "",
                "from_port": 22,
                "ipv6_cidr_blocks": [],
                "prefix_list_ids": [],
                "protocol": "tcp",
                "security_groups": [],
                "self": false,
                "to_port": 22
              },
              {
                "cidr_blocks": [
                  "0.0.0.0/0"
                ],
                "description": "",
                "from_port": 80,
                "ipv6_cidr_blocks": [],
                "prefix_list_ids": [],
                "protocol": "tcp",
                "security_groups": [],
                "self": false,
                "to_port": 80
              }
            ],
            "name": "nginx-server-dev-sg",
            "name_prefix": "",
            "owner_id": "590183952961",
            "revoke_rules_on_delete": false,
            "tags": {
              "Environment": "dev",
              "Name": "nginx-server-dev-sg",
              "Owner": "myemployeess@mysoftwareRD.com",
              "Project": "Webinar-Caosbinario-Terraform",
              "Team": "Devops"
            },
            "tags_all": {
              "Environment": "dev",
              "Name": "nginx-server-dev-sg",
              "Owner": "myemployeess@mysoftwareRD.com",
              "Project": "Webinar-Caosbinario-Terraform",
              "Team": "Devops"
            },
            "timeouts": null,
            "vpc_id": "vpc-03a1445927928413a"
          },
          "sensitive_attributes": [],
          "private": "eyJlMmJmYjczMC1lY2FhLTExZTYtOGY4OC0zNDM2M2JjN2M0YzAiOnsiY3JlYXRlIjo2MDAwMDAwMDAwMDAsImRlbGV0ZSI6OTAwMDAwMDAwMDAwfSwic2NoZW1hX3ZlcnNpb24iOiIxIn0="
        }
      ]
    },
    {
      "module": "module.nginx_server_qa",
      "mode": "managed",
      "type": "aws_instance",
      "name": "nginx-server",
      "provider": "module.nginx_server_qa.provider[\"registry.terraform.io/hashicorp/aws\"]",
      "instances": [
        {
          "schema_version": 1,
          "attributes": {
            "ami": "ami-00beae93a2d981137",
            "arn": "arn:aws:ec2:us-east-1:590183952961:instance/i-0e7feaa07c9a43215",
            "associate_public_ip_address": true,
            "availability_zone": "us-east-1d",
            "capacity_reservation_specification": [
              {
                "capacity_reservation_preference": "open",
                "capacity_reservation_target": []
              }
            ],
            "cpu_core_count": 1,
            "cpu_options": [
              {
                "amd_sev_snp": "",
                "core_count": 1,
                "threads_per_core": 1
              }
            ],
            "cpu_threads_per_core": 1,
            "credit_specification": [
              {
                "cpu_credits": "standard"
              }
            ],
            "disable_api_stop": false,
            "disable_api_termination": false,
            "ebs_block_device": [],
            "ebs_optimized": false,
            "enclave_options": [
              {
                "enabled": false
              }
            ],
            "ephemeral_block_device": [],
            "get_password_data": false,
            "hibernation": false,
            "host_id": "",
            "host_resource_group_arn": null,
            "iam_instance_profile": "",
            "id": "i-0e7feaa07c9a43215",
            "instance_initiated_shutdown_behavior": "stop",
            "instance_lifecycle": "",
            "instance_market_options": [],
            "instance_state": "running",
            "instance_type": "t2.micro",
            "ipv6_address_count": 0,
            "ipv6_addresses": [],
            "key_name": "nginx-server-qa-ssh",
            "launch_template": [],
            "maintenance_options": [
              {
                "auto_recovery": "default"
              }
            ],
            "metadata_options": [
              {
                "http_endpoint": "enabled",
                "http_protocol_ipv6": "disabled",
                "http_put_response_hop_limit": 2,
                "http_tokens": "required",
                "instance_metadata_tags": "disabled"
              }
            ],
            "monitoring": false,
            "network_interface": [],
            "outpost_arn": "",
            "password_data": "",
            "placement_group": "",
            "placement_partition_number": 0,
            "primary_network_interface_id": "eni-0aa32232f67071743",
            "private_dns": "ip-172-31-25-201.ec2.internal",
            "private_dns_name_options": [
              {
                "enable_resource_name_dns_a_record": false,
                "enable_resource_name_dns_aaaa_record": false,
                "hostname_type": "ip-name"
              }
            ],
            "private_ip": "172.31.25.201",
            "public_dns": "ec2-54-205-74-98.compute-1.amazonaws.com",
            "public_ip": "54.205.74.98",
            "root_block_device": [
              {
                "delete_on_termination": true,
                "device_name": "/dev/xvda",
                "encrypted": false,
                "iops": 3000,
                "kms_key_id": "",
                "tags": {},
                "tags_all": {},
                "throughput": 125,
                "volume_id": "vol-082571f409b6ebec3",
                "volume_size": 8,
                "volume_type": "gp3"
              }
            ],
            "secondary_private_ips": [],
            "security_groups": [
              "nginx-server-qa-sg"
            ],
            "source_dest_check": true,
            "spot_instance_request_id": "",
            "subnet_id": "subnet-00ea6a3f48d2aeb83",
            "tags": {
              "Environment": "qa",
              "Name": "nginx-server-qa",
              "Owner": "myemployeess@mysoftwareRD.com",
              "Project": "Webinar-Caosbinario-Terraform",
              "Team": "Devops"
            },
            "tags_all": {
              "Environment": "qa",
              "Name": "nginx-server-qa",
              "Owner": "myemployeess@mysoftwareRD.com",
              "Project": "Webinar-Caosbinario-Terraform",
              "Team": "Devops"
            },
            "tenancy": "default",
            "timeouts": null,
            "user_data": "8e76099f5163b91277e0a8f96353b03b56a0b4dc",
            "user_data_base64": null,
            "user_data_replace_on_change": false,
            "volume_tags": null,
            "vpc_security_group_ids": [
              "sg-06d1260033c44ba17"
            ]
          },
          "sensitive_attributes": [],
          "private": "eyJlMmJmYjczMC1lY2FhLTExZTYtOGY4OC0zNDM2M2JjN2M0YzAiOnsiY3JlYXRlIjo2MDAwMDAwMDAwMDAsImRlbGV0ZSI6MTIwMDAwMDAwMDAwMCwicmVhZCI6OTAwMDAwMDAwMDAwLCJ1cGRhdGUiOjYwMDAwMDAwMDAwMH0sInNjaGVtYV92ZXJzaW9uIjoiMSJ9",
          "dependencies": [
            "module.nginx_server_qa.aws_key_pair.nginx-server-ssh",
            "module.nginx_server_qa.aws_security_group.nginx-server-sg"
          ]
        }
      ]
    },
    {
      "module": "module.nginx_server_qa",
      "mode": "managed",
      "type": "aws_key_pair",
      "name": "nginx-server-ssh",
      "provider": "module.nginx_server_qa.provider[\"registry.terraform.io/hashicorp/aws\"]",
      "instances": [
        {
          "schema_version": 1,
          "attributes": {
            "arn": "arn:aws:ec2:us-east-1:590183952961:key-pair/nginx-server-qa-ssh",
            "fingerprint": "bb:9f:8c:80:2f:90:1f:50:df:4a:ef:98:a5:8c:82:36",
            "id": "nginx-server-qa-ssh",
            "key_name": "nginx-server-qa-ssh",
            "key_name_prefix": "",
            "key_pair_id": "key-0a193a91449e81fa7",
            "key_type": "rsa",
            "public_key": "ssh-rsa AAAAB3NzaC1yc2EAAAADAQABAAABAQC1HhOARXE6EaEZTPim60SxBVdXdB1m3vSHQ/+cB00N61HtaEfNw/obfq9x1pfP17PafcrSJNkg4a/9vGhCebkgyNo9M3l+2HyFlqsoc0jWkf+Aovk6zTAK89gcwaTlSjUH1t6ZwDv3RfUVnzYAdyjJ8gVZ3q2noi00E3PZPvmZFf/kvc23n7qjAoqeoIuJZC9fDig5FFjtLynfRd3XhJJdPxrM4cz39+5IWUa+VRlBl1u4sqoYoYvyyBFf/oldqTMXjEN+rQo1SpqXzOlpfPesNJCUEkTpWCcUHnmLoK5ZCJA4PgCvGO0mF51aNhtmHw9f3GStDmwCC3fgUkvoLMMX francis@DESKTOP-2O19S4K",
            "tags": {
              "Environment": "dev",
              "Name": "nginx-server-qa-ssh",
              "Owner": "myemployeess@mysoftwareRD.com",
              "Project": "Webinar-Caosbinario-Terraform",
              "Team": "Devops"
            },
            "tags_all": {
              "Environment": "dev",
              "Name": "nginx-server-qa-ssh",
              "Owner": "myemployeess@mysoftwareRD.com",
              "Project": "Webinar-Caosbinario-Terraform",
              "Team": "Devops"
            }
          },
          "sensitive_attributes": [],
          "private": "eyJzY2hlbWFfdmVyc2lvbiI6IjEifQ=="
        }
      ]
    },
    {
      "module": "module.nginx_server_qa",
      "mode": "managed",
      "type": "aws_security_group",
      "name": "nginx-server-sg",
      "provider": "module.nginx_server_qa.provider[\"registry.terraform.io/hashicorp/aws\"]",
      "instances": [
        {
          "schema_version": 1,
          "attributes": {
            "arn": "arn:aws:ec2:us-east-1:590183952961:security-group/sg-06d1260033c44ba17",
            "description": "Security group allowing SSH and HTTP access",
            "egress": [
              {
                "cidr_blocks": [
                  "0.0.0.0/0"
                ],
                "description": "",
                "from_port": 0,
                "ipv6_cidr_blocks": [],
                "prefix_list_ids": [],
                "protocol": "-1",
                "security_groups": [],
                "self": false,
                "to_port": 0
              }
            ],
            "id": "sg-06d1260033c44ba17",
            "ingress": [
              {
                "cidr_blocks": [
                  "0.0.0.0/0"
                ],
                "description": "",
                "from_port": 22,
                "ipv6_cidr_blocks": [],
                "prefix_list_ids": [],
                "protocol": "tcp",
                "security_groups": [],
                "self": false,
                "to_port": 22
              },
              {
                "cidr_blocks": [
                  "0.0.0.0/0"
                ],
                "description": "",
                "from_port": 80,
                "ipv6_cidr_blocks": [],
                "prefix_list_ids": [],
                "protocol": "tcp",
                "security_groups": [],
                "self": false,
                "to_port": 80
              }
            ],
            "name": "nginx-server-qa-sg",
            "name_prefix": "",
            "owner_id": "590183952961",
            "revoke_rules_on_delete": false,
            "tags": {
              "Environment": "dev",
              "Name": "nginx-server-qa-sg",
              "Owner": "myemployeess@mysoftwareRD.com",
              "Project": "Webinar-Caosbinario-Terraform",
              "Team": "Devops"
            },
            "tags_all": {
              "Environment": "dev",
              "Name": "nginx-server-qa-sg",
              "Owner": "myemployeess@mysoftwareRD.com",
              "Project": "Webinar-Caosbinario-Terraform",
              "Team": "Devops"
            },
            "timeouts": null,
            "vpc_id": "vpc-03a1445927928413a"
          },
          "sensitive_attributes": [],
          "private": "eyJlMmJmYjczMC1lY2FhLTExZTYtOGY4OC0zNDM2M2JjN2M0YzAiOnsiY3JlYXRlIjo2MDAwMDAwMDAwMDAsImRlbGV0ZSI6OTAwMDAwMDAwMDAwfSwic2NoZW1hX3ZlcnNpb24iOiIxIn0="
        }
      ]
    }
  ],
  "check_results": null
}
